
Microsoft Visual Studio Solution File, Format Version 11.00
# Visual Studio 2010
Project("{FAE04EC0-301F-11D3-BF4B-00C04F79EFBC}") = "Oculus.Platform", "Oculus.Platform.csproj", "{5be6662a-3b8d-8d1a-fd44-19c768af29a2}"
EndProject
Project("{FAE04EC0-301F-11D3-BF4B-00C04F79EFBC}") = "Assembly-CSharp", "Assembly-CSharp.csproj", "{42e38bdf-6444-43b6-4fe4-770b1a76136a}"
EndProject
Project("{FAE04EC0-301F-11D3-BF4B-00C04F79EFBC}") = "Oculus.VR", "Oculus.VR.csproj", "{44bac585-4db4-8672-b084-ac3a2fa787e3}"
EndProject
Project("{FAE04EC0-301F-11D3-BF4B-00C04F79EFBC}") = "Oculus.Platform.Editor", "Oculus.Platform.Editor.csproj", "{020af231-c5ed-f87f-c463-55b844a6b386}"
EndProject
Project("{FAE04EC0-301F-11D3-BF4B-00C04F79EFBC}") = "Assembly-CSharp-Editor", "Assembly-CSharp-Editor.csproj", "{9169c929-a8f6-9f8b-26a7-f764a8ce7114}"
EndProject
Project("{FAE04EC0-301F-11D3-BF4B-00C04F79EFBC}") = "Oculus.VR.Editor", "Oculus.VR.Editor.csproj", "{58663790-b029-5df7-c30b-781fcd0a4ca4}"
EndProject
Project("{FAE04EC0-301F-11D3-BF4B-00C04F79EFBC}") = "Oculus.VR.Scripts.Editor", "Oculus.VR.Scripts.Editor.csproj", "{d8cefcbc-275c-2746-97fc-948c1c53c681}"
EndProject
Global
	GlobalSection(SolutionConfigurationPlatforms) = preSolution
		Debug|Any CPU = Debug|Any CPU
	EndGlobalSection
	GlobalSection(ProjectConfigurationPlatforms) = postSolution
		{5be6662a-3b8d-8d1a-fd44-19c768af29a2}.Debug|Any CPU.ActiveCfg = Debug|Any CPU
		{5be6662a-3b8d-8d1a-fd44-19c768af29a2}.Debug|Any CPU.Build.0 = Debug|Any CPU
		{42e38bdf-6444-43b6-4fe4-770b1a76136a}.Debug|Any CPU.ActiveCfg = Debug|Any CPU
		{42e38bdf-6444-43b6-4fe4-770b1a76136a}.Debug|Any CPU.Build.0 = Debug|Any CPU
		{44bac585-4db4-8672-b084-ac3a2fa787e3}.Debug|Any CPU.ActiveCfg = Debug|Any CPU
		{44bac585-4db4-8672-b084-ac3a2fa787e3}.Debug|Any CPU.Build.0 = Debug|Any CPU
		{020af231-c5ed-f87f-c463-55b844a6b386}.Debug|Any CPU.ActiveCfg = Debug|Any CPU
		{020af231-c5ed-f87f-c463-55b844a6b386}.Debug|Any CPU.Build.0 = Debug|Any CPU
		{9169c929-a8f6-9f8b-26a7-f764a8ce7114}.Debug|Any CPU.ActiveCfg = Debug|Any CPU
		{9169c929-a8f6-9f8b-26a7-f764a8ce7114}.Debug|Any CPU.Build.0 = Debug|Any CPU
		{58663790-b029-5df7-c30b-781fcd0a4ca4}.Debug|Any CPU.ActiveCfg = Debug|Any CPU
		{58663790-b029-5df7-c30b-781fcd0a4ca4}.Debug|Any CPU.Build.0 = Debug|Any CPU
		{d8cefcbc-275c-2746-97fc-948c1c53c681}.Debug|Any CPU.ActiveCfg = Debug|Any CPU
		{d8cefcbc-275c-2746-97fc-948c1c53c681}.Debug|Any CPU.Build.0 = Debug|Any CPU
	EndGlobalSection
	GlobalSection(SolutionProperties) = preSolution
		HideSolutionNode = FALSE
	EndGlobalSection
EndGlobal
